
Microsoft Visual Studio Solution File, Format Version 12.00
# Visual Studio 15
VisualStudioVersion = 15.0.28307.852
MinimumVisualStudioVersion = 10.0.40219.1
Project("{8BC9CEB8-8B4A-11D0-8D11-00A0C91BC942}") = "ex3", "ex3\ex3.vcxproj", "{9EB935D8-9F86-4104-B54E-62D4315A3A53}"
EndProject
Global
	GlobalSection(SolutionConfigurationPlatforms) = preSolution
		Debug|x64 = Debug|x64
		Debug|x86 = Debug|x86
		Release|x64 = Release|x64
		Release|x86 = Release|x86
	EndGlobalSection
	GlobalSection(ProjectConfigurationPlatforms) = postSolution
		{9EB935D8-9F86-4104-B54E-62D4315A3A53}.Debug|x64.ActiveCfg = Debug|x64
		{9EB935D8-9F86-4104-B54E-62D4315A3A53}.Debug|x64.Build.0 = Debug|x64
		{9EB935D8-9F86-4104-B54E-62D4315A3A53}.Debug|x86.ActiveCfg = Debug|Win32
		{9EB935D8-9F86-4104-B54E-62D4315A3A53}.Debug|x86.Build.0 = Debug|Win32
		{9EB935D8-9F86-4104-B54E-62D4315A3A53}.Release|x64.ActiveCfg = Release|x64
		{9EB935D8-9F86-4104-B54E-62D4315A3A53}.Release|x64.Build.0 = Release|x64
		{9EB935D8-9F86-4104-B54E-62D4315A3A53}.Release|x86.ActiveCfg = Release|Win32
		{9EB935D8-9F86-4104-B54E-62D4315A3A53}.Release|x86.Build.0 = Release|Win32
	EndGlobalSection
	GlobalSection(SolutionProperties) = preSolution
		HideSolutionNode = FALSE
	EndGlobalSection
	GlobalSection(ExtensibilityGlobals) = postSolution
		SolutionGuid = {28DD2B76-4489-49ED-B946-38E8AFD2B00D}
	EndGlobalSection
EndGlobal
